Microsoft Visual Studio Solution File, Format Version 8.00
Project("{8BC9CEB8-8B4A-11D0-8D11-00A0C91BC942}") = "ButeMgr", "..\libs\ButeMgr\ButeMgr.vcproj", "{CD2E62C8-9B0B-43FB-B078-D0E7290D8873}"
	ProjectSection(ProjectDependencies) = postProject
	EndProjectSection
EndProject
Project("{8BC9CEB8-8B4A-11D0-8D11-00A0C91BC942}") = "ButeMgrMfcDll", "..\libs\ButeMgr\ButeMgrMfcDll.vcproj", "{107CE5FA-72E3-4F81-8523-184A165D458B}"
	ProjectSection(ProjectDependencies) = postProject
	EndProjectSection
EndProject
Project("{8BC9CEB8-8B4A-11D0-8D11-00A0C91BC942}") = "ClientFxDLL", "ClientFxDLL\ClientFxDLL.vcproj", "{F21A781F-1886-4337-93D9-34AB608AE4A0}"
	ProjectSection(ProjectDependencies) = postProject
		{2D6BD546-A57D-4F06-AD57-2635EB6E1D19} = {2D6BD546-A57D-4F06-AD57-2635EB6E1D19}
		{32B5438C-C22C-41B4-B523-4F80845A147F} = {32B5438C-C22C-41B4-B523-4F80845A147F}
		{DEBBD696-F084-41A5-BA86-0FB7DC391729} = {DEBBD696-F084-41A5-BA86-0FB7DC391729}
		{CD2E62C8-9B0B-43FB-B078-D0E7290D8873} = {CD2E62C8-9B0B-43FB-B078-D0E7290D8873}
		{87C09AE8-5AA4-44DE-8A27-ECD96CA74C36} = {87C09AE8-5AA4-44DE-8A27-ECD96CA74C36}
		{7B393EEB-293F-4E86-AF4D-8048832EED1C} = {7B393EEB-293F-4E86-AF4D-8048832EED1C}
	EndProjectSection
EndProject
Project("{8BC9CEB8-8B4A-11D0-8D11-00A0C91BC942}") = "ClientRes", "ClientRes\ClientRes.vcproj", "{1547E5E8-C845-44EE-BB9C-FC63275C0E6D}"
	ProjectSection(ProjectDependencies) = postProject
	EndProjectSection
EndProject
Project("{8BC9CEB8-8B4A-11D0-8D11-00A0C91BC942}") = "ClientShellDLL", "ClientShellDLL\ClientShellDLL.vcproj", "{4DF920AF-94FD-48BF-A06F-CBF145894C3B}"
	ProjectSection(ProjectDependencies) = postProject
		{2D6BD546-A57D-4F06-AD57-2635EB6E1D19} = {2D6BD546-A57D-4F06-AD57-2635EB6E1D19}
		{B253BB7B-B43C-418B-8D2F-D69946AAAE61} = {B253BB7B-B43C-418B-8D2F-D69946AAAE61}
		{32B5438C-C22C-41B4-B523-4F80845A147F} = {32B5438C-C22C-41B4-B523-4F80845A147F}
		{DEBBD696-F084-41A5-BA86-0FB7DC391729} = {DEBBD696-F084-41A5-BA86-0FB7DC391729}
		{CD2E62C8-9B0B-43FB-B078-D0E7290D8873} = {CD2E62C8-9B0B-43FB-B078-D0E7290D8873}
		{87C09AE8-5AA4-44DE-8A27-ECD96CA74C36} = {87C09AE8-5AA4-44DE-8A27-ECD96CA74C36}
		{1547E5E8-C845-44EE-BB9C-FC63275C0E6D} = {1547E5E8-C845-44EE-BB9C-FC63275C0E6D}
		{7B393EEB-293F-4E86-AF4D-8048832EED1C} = {7B393EEB-293F-4E86-AF4D-8048832EED1C}
	EndProjectSection
EndProject
Project("{8BC9CEB8-8B4A-11D0-8D11-00A0C91BC942}") = "CryptMgr", "..\libs\CryptMgr\cryptmgr.vcproj", "{2D6BD546-A57D-4F06-AD57-2635EB6E1D19}"
	ProjectSection(ProjectDependencies) = postProject
	EndProjectSection
EndProject
Project("{8BC9CEB8-8B4A-11D0-8D11-00A0C91BC942}") = "CryptMgrMfcDll", "..\libs\CryptMgr\CryptMgrMfcDll.vcproj", "{45115785-638D-41E9-B419-D5B5BDF50D93}"
	ProjectSection(ProjectDependencies) = postProject
	EndProjectSection
EndProject
Project("{8BC9CEB8-8B4A-11D0-8D11-00A0C91BC942}") = "LTGUIMgr", "Libs\LTGUIMgr\ltguimgr60.vcproj", "{7B393EEB-293F-4E86-AF4D-8048832EED1C}"
	ProjectSection(ProjectDependencies) = postProject
	EndProjectSection
EndProject
Project("{8BC9CEB8-8B4A-11D0-8D11-00A0C91BC942}") = "Launcher", "Launcher\Launcher.vcproj", "{A1B8DABC-CB81-435C-BAE0-FFD7921B4ADA}"
	ProjectSection(ProjectDependencies) = postProject
		{B253BB7B-B43C-418B-8D2F-D69946AAAE61} = {B253BB7B-B43C-418B-8D2F-D69946AAAE61}
		{D53F99F5-1D2C-4600-9C7C-4508C888C413} = {D53F99F5-1D2C-4600-9C7C-4508C888C413}
	EndProjectSection
EndProject
Project("{8BC9CEB8-8B4A-11D0-8D11-00A0C91BC942}") = "Lib_Lith", "..\libs\lith\Lib_Lith.vcproj", "{DEBBD696-F084-41A5-BA86-0FB7DC391729}"
	ProjectSection(ProjectDependencies) = postProject
	EndProjectSection
EndProject
Project("{8BC9CEB8-8B4A-11D0-8D11-00A0C91BC942}") = "Lib_StdLith", "..\libs\stdlith\Lib_StdLith.vcproj", "{32B5438C-C22C-41B4-B523-4F80845A147F}"
	ProjectSection(ProjectDependencies) = postProject
	EndProjectSection
EndProject
Project("{8BC9CEB8-8B4A-11D0-8D11-00A0C91BC942}") = "MFCStub", "..\libs\MFCStub\MFCStub60.vcproj", "{87C09AE8-5AA4-44DE-8A27-ECD96CA74C36}"
	ProjectSection(ProjectDependencies) = postProject
	EndProjectSection
EndProject
Project("{8BC9CEB8-8B4A-11D0-8D11-00A0C91BC942}") = "Object", "ObjectDLL\Object.vcproj", "{BA5A96FB-3B60-402D-8D84-5B8D136E500A}"
	ProjectSection(ProjectDependencies) = postProject
		{2D6BD546-A57D-4F06-AD57-2635EB6E1D19} = {2D6BD546-A57D-4F06-AD57-2635EB6E1D19}
		{B253BB7B-B43C-418B-8D2F-D69946AAAE61} = {B253BB7B-B43C-418B-8D2F-D69946AAAE61}
		{32B5438C-C22C-41B4-B523-4F80845A147F} = {32B5438C-C22C-41B4-B523-4F80845A147F}
		{DEBBD696-F084-41A5-BA86-0FB7DC391729} = {DEBBD696-F084-41A5-BA86-0FB7DC391729}
		{CD2E62C8-9B0B-43FB-B078-D0E7290D8873} = {CD2E62C8-9B0B-43FB-B078-D0E7290D8873}
		{87C09AE8-5AA4-44DE-8A27-ECD96CA74C36} = {87C09AE8-5AA4-44DE-8A27-ECD96CA74C36}
	EndProjectSection
EndProject
Project("{8BC9CEB8-8B4A-11D0-8D11-00A0C91BC942}") = "RegMgr", "..\libs\RegMgr\regmgr60.vcproj", "{B253BB7B-B43C-418B-8D2F-D69946AAAE61}"
	ProjectSection(ProjectDependencies) = postProject
	EndProjectSection
EndProject
Project("{8BC9CEB8-8B4A-11D0-8D11-00A0C91BC942}") = "ServerApp", "ServerApp\ServerApp.vcproj", "{E64780C8-0F48-4B88-8EB5-86A846604C99}"
	ProjectSection(ProjectDependencies) = postProject
		{B253BB7B-B43C-418B-8D2F-D69946AAAE61} = {B253BB7B-B43C-418B-8D2F-D69946AAAE61}
		{45115785-638D-41E9-B419-D5B5BDF50D93} = {45115785-638D-41E9-B419-D5B5BDF50D93}
		{32B5438C-C22C-41B4-B523-4F80845A147F} = {32B5438C-C22C-41B4-B523-4F80845A147F}
		{DEBBD696-F084-41A5-BA86-0FB7DC391729} = {DEBBD696-F084-41A5-BA86-0FB7DC391729}
		{D53F99F5-1D2C-4600-9C7C-4508C888C413} = {D53F99F5-1D2C-4600-9C7C-4508C888C413}
		{107CE5FA-72E3-4F81-8523-184A165D458B} = {107CE5FA-72E3-4F81-8523-184A165D458B}
	EndProjectSection
EndProject
Project("{8BC9CEB8-8B4A-11D0-8D11-00A0C91BC942}") = "ServerRes", "ServerRes\TO2\ServerRes.vcproj", "{592A05D0-839F-4E06-B48A-047CDEC73651}"
	ProjectSection(ProjectDependencies) = postProject
	EndProjectSection
EndProject
Project("{8BC9CEB8-8B4A-11D0-8D11-00A0C91BC942}") = "regmgr32", "..\libs\RegMgr32\regmgr32.vcproj", "{D53F99F5-1D2C-4600-9C7C-4508C888C413}"
	ProjectSection(ProjectDependencies) = postProject
	EndProjectSection
EndProject
Global
	GlobalSection(SolutionConfiguration) = preSolution
		Debug = Debug
		Debug MFC DLL = Debug MFC DLL
		Final = Final
		Final DE = Final DE
		Final ES = Final ES
		Final FR = Final FR
		Final IT = Final IT
		Final MFC DLL = Final MFC DLL
		Release = Release
		Release MFC DLL = Release MFC DLL
	EndGlobalSection
	GlobalSection(ProjectConfiguration) = postSolution
		{CD2E62C8-9B0B-43FB-B078-D0E7290D8873}.Debug.ActiveCfg = Debug|Win32
		{CD2E62C8-9B0B-43FB-B078-D0E7290D8873}.Debug.Build.0 = Debug|Win32
		{CD2E62C8-9B0B-43FB-B078-D0E7290D8873}.Debug MFC DLL.ActiveCfg = Debug MFC DLL|Win32
		{CD2E62C8-9B0B-43FB-B078-D0E7290D8873}.Debug MFC DLL.Build.0 = Debug MFC DLL|Win32
		{CD2E62C8-9B0B-43FB-B078-D0E7290D8873}.Final.ActiveCfg = Final|Win32
		{CD2E62C8-9B0B-43FB-B078-D0E7290D8873}.Final.Build.0 = Final|Win32
		{CD2E62C8-9B0B-43FB-B078-D0E7290D8873}.Final DE.ActiveCfg = Final MFC DLL|Win32
		{CD2E62C8-9B0B-43FB-B078-D0E7290D8873}.Final DE.Build.0 = Final MFC DLL|Win32
		{CD2E62C8-9B0B-43FB-B078-D0E7290D8873}.Final ES.ActiveCfg = Final MFC DLL|Win32
		{CD2E62C8-9B0B-43FB-B078-D0E7290D8873}.Final ES.Build.0 = Final MFC DLL|Win32
		{CD2E62C8-9B0B-43FB-B078-D0E7290D8873}.Final FR.ActiveCfg = Final MFC DLL|Win32
		{CD2E62C8-9B0B-43FB-B078-D0E7290D8873}.Final FR.Build.0 = Final MFC DLL|Win32
		{CD2E62C8-9B0B-43FB-B078-D0E7290D8873}.Final IT.ActiveCfg = Final MFC DLL|Win32
		{CD2E62C8-9B0B-43FB-B078-D0E7290D8873}.Final IT.Build.0 = Final MFC DLL|Win32
		{CD2E62C8-9B0B-43FB-B078-D0E7290D8873}.Final MFC DLL.ActiveCfg = Final MFC DLL|Win32
		{CD2E62C8-9B0B-43FB-B078-D0E7290D8873}.Final MFC DLL.Build.0 = Final MFC DLL|Win32
		{CD2E62C8-9B0B-43FB-B078-D0E7290D8873}.Release.ActiveCfg = Release|Win32
		{CD2E62C8-9B0B-43FB-B078-D0E7290D8873}.Release.Build.0 = Release|Win32
		{CD2E62C8-9B0B-43FB-B078-D0E7290D8873}.Release MFC DLL.ActiveCfg = Release MFC DLL|Win32
		{CD2E62C8-9B0B-43FB-B078-D0E7290D8873}.Release MFC DLL.Build.0 = Release MFC DLL|Win32
		{107CE5FA-72E3-4F81-8523-184A165D458B}.Debug.ActiveCfg = Debug|Win32
		{107CE5FA-72E3-4F81-8523-184A165D458B}.Debug.Build.0 = Debug|Win32
		{107CE5FA-72E3-4F81-8523-184A165D458B}.Debug MFC DLL.ActiveCfg = Debug|Win32
		{107CE5FA-72E3-4F81-8523-184A165D458B}.Final.ActiveCfg = Final|Win32
		{107CE5FA-72E3-4F81-8523-184A165D458B}.Final.Build.0 = Final|Win32
		{107CE5FA-72E3-4F81-8523-184A165D458B}.Final DE.ActiveCfg = Final|Win32
		{107CE5FA-72E3-4F81-8523-184A165D458B}.Final DE.Build.0 = Final|Win32
		{107CE5FA-72E3-4F81-8523-184A165D458B}.Final ES.ActiveCfg = Final|Win32
		{107CE5FA-72E3-4F81-8523-184A165D458B}.Final ES.Build.0 = Final|Win32
		{107CE5FA-72E3-4F81-8523-184A165D458B}.Final FR.ActiveCfg = Final|Win32
		{107CE5FA-72E3-4F81-8523-184A165D458B}.Final FR.Build.0 = Final|Win32
		{107CE5FA-72E3-4F81-8523-184A165D458B}.Final IT.ActiveCfg = Final|Win32
		{107CE5FA-72E3-4F81-8523-184A165D458B}.Final IT.Build.0 = Final|Win32
		{107CE5FA-72E3-4F81-8523-184A165D458B}.Final MFC DLL.ActiveCfg = Final|Win32
		{107CE5FA-72E3-4F81-8523-184A165D458B}.Release.ActiveCfg = Release|Win32
		{107CE5FA-72E3-4F81-8523-184A165D458B}.Release.Build.0 = Release|Win32
		{107CE5FA-72E3-4F81-8523-184A165D458B}.Release MFC DLL.ActiveCfg = Release|Win32
		{F21A781F-1886-4337-93D9-34AB608AE4A0}.Debug.ActiveCfg = Debug|Win32
		{F21A781F-1886-4337-93D9-34AB608AE4A0}.Debug.Build.0 = Debug|Win32
		{F21A781F-1886-4337-93D9-34AB608AE4A0}.Debug MFC DLL.ActiveCfg = Debug|Win32
		{F21A781F-1886-4337-93D9-34AB608AE4A0}.Debug MFC DLL.Build.0 = Debug|Win32
		{F21A781F-1886-4337-93D9-34AB608AE4A0}.Final.ActiveCfg = Final|Win32
		{F21A781F-1886-4337-93D9-34AB608AE4A0}.Final.Build.0 = Final|Win32
		{F21A781F-1886-4337-93D9-34AB608AE4A0}.Final DE.ActiveCfg = Final|Win32
		{F21A781F-1886-4337-93D9-34AB608AE4A0}.Final DE.Build.0 = Final|Win32
		{F21A781F-1886-4337-93D9-34AB608AE4A0}.Final ES.ActiveCfg = Final|Win32
		{F21A781F-1886-4337-93D9-34AB608AE4A0}.Final ES.Build.0 = Final|Win32
		{F21A781F-1886-4337-93D9-34AB608AE4A0}.Final FR.ActiveCfg = Final|Win32
		{F21A781F-1886-4337-93D9-34AB608AE4A0}.Final FR.Build.0 = Final|Win32
		{F21A781F-1886-4337-93D9-34AB608AE4A0}.Final IT.ActiveCfg = Final|Win32
		{F21A781F-1886-4337-93D9-34AB608AE4A0}.Final IT.Build.0 = Final|Win32
		{F21A781F-1886-4337-93D9-34AB608AE4A0}.Final MFC DLL.ActiveCfg = Final|Win32
		{F21A781F-1886-4337-93D9-34AB608AE4A0}.Final MFC DLL.Build.0 = Final|Win32
		{F21A781F-1886-4337-93D9-34AB608AE4A0}.Release.ActiveCfg = Release|Win32
		{F21A781F-1886-4337-93D9-34AB608AE4A0}.Release.Build.0 = Release|Win32
		{F21A781F-1886-4337-93D9-34AB608AE4A0}.Release MFC DLL.ActiveCfg = Release|Win32
		{F21A781F-1886-4337-93D9-34AB608AE4A0}.Release MFC DLL.Build.0 = Release|Win32
		{1547E5E8-C845-44EE-BB9C-FC63275C0E6D}.Debug.ActiveCfg = Debug|Win32
		{1547E5E8-C845-44EE-BB9C-FC63275C0E6D}.Debug.Build.0 = Debug|Win32
		{1547E5E8-C845-44EE-BB9C-FC63275C0E6D}.Debug MFC DLL.ActiveCfg = Debug|Win32
		{1547E5E8-C845-44EE-BB9C-FC63275C0E6D}.Debug MFC DLL.Build.0 = Debug|Win32
		{1547E5E8-C845-44EE-BB9C-FC63275C0E6D}.Final.ActiveCfg = Final|Win32
		{1547E5E8-C845-44EE-BB9C-FC63275C0E6D}.Final.Build.0 = Final|Win32
		{1547E5E8-C845-44EE-BB9C-FC63275C0E6D}.Final DE.ActiveCfg = Final DE|Win32
		{1547E5E8-C845-44EE-BB9C-FC63275C0E6D}.Final DE.Build.0 = Final DE|Win32
		{1547E5E8-C845-44EE-BB9C-FC63275C0E6D}.Final ES.ActiveCfg = Final ES|Win32
		{1547E5E8-C845-44EE-BB9C-FC63275C0E6D}.Final ES.Build.0 = Final ES|Win32
		{1547E5E8-C845-44EE-BB9C-FC63275C0E6D}.Final FR.ActiveCfg = Final FR|Win32
		{1547E5E8-C845-44EE-BB9C-FC63275C0E6D}.Final FR.Build.0 = Final FR|Win32
		{1547E5E8-C845-44EE-BB9C-FC63275C0E6D}.Final IT.ActiveCfg = Final IT|Win32
		{1547E5E8-C845-44EE-BB9C-FC63275C0E6D}.Final IT.Build.0 = Final IT|Win32
		{1547E5E8-C845-44EE-BB9C-FC63275C0E6D}.Final MFC DLL.ActiveCfg = Final|Win32
		{1547E5E8-C845-44EE-BB9C-FC63275C0E6D}.Final MFC DLL.Build.0 = Final|Win32
		{1547E5E8-C845-44EE-BB9C-FC63275C0E6D}.Release.ActiveCfg = Release|Win32
		{1547E5E8-C845-44EE-BB9C-FC63275C0E6D}.Release.Build.0 = Release|Win32
		{1547E5E8-C845-44EE-BB9C-FC63275C0E6D}.Release MFC DLL.ActiveCfg = Release|Win32
		{1547E5E8-C845-44EE-BB9C-FC63275C0E6D}.Release MFC DLL.Build.0 = Release|Win32
		{4DF920AF-94FD-48BF-A06F-CBF145894C3B}.Debug.ActiveCfg = Debug|Win32
		{4DF920AF-94FD-48BF-A06F-CBF145894C3B}.Debug.Build.0 = Debug|Win32
		{4DF920AF-94FD-48BF-A06F-CBF145894C3B}.Debug MFC DLL.ActiveCfg = Debug|Win32
		{4DF920AF-94FD-48BF-A06F-CBF145894C3B}.Debug MFC DLL.Build.0 = Debug|Win32
		{4DF920AF-94FD-48BF-A06F-CBF145894C3B}.Final.ActiveCfg = Final|Win32
		{4DF920AF-94FD-48BF-A06F-CBF145894C3B}.Final.Build.0 = Final|Win32
		{4DF920AF-94FD-48BF-A06F-CBF145894C3B}.Final DE.ActiveCfg = Final|Win32
		{4DF920AF-94FD-48BF-A06F-CBF145894C3B}.Final DE.Build.0 = Final|Win32
		{4DF920AF-94FD-48BF-A06F-CBF145894C3B}.Final ES.ActiveCfg = Final|Win32
		{4DF920AF-94FD-48BF-A06F-CBF145894C3B}.Final ES.Build.0 = Final|Win32
		{4DF920AF-94FD-48BF-A06F-CBF145894C3B}.Final FR.ActiveCfg = Final|Win32
		{4DF920AF-94FD-48BF-A06F-CBF145894C3B}.Final FR.Build.0 = Final|Win32
		{4DF920AF-94FD-48BF-A06F-CBF145894C3B}.Final IT.ActiveCfg = Final|Win32
		{4DF920AF-94FD-48BF-A06F-CBF145894C3B}.Final IT.Build.0 = Final|Win32
		{4DF920AF-94FD-48BF-A06F-CBF145894C3B}.Final MFC DLL.ActiveCfg = Final|Win32
		{4DF920AF-94FD-48BF-A06F-CBF145894C3B}.Final MFC DLL.Build.0 = Final|Win32
		{4DF920AF-94FD-48BF-A06F-CBF145894C3B}.Release.ActiveCfg = Release|Win32
		{4DF920AF-94FD-48BF-A06F-CBF145894C3B}.Release.Build.0 = Release|Win32
		{4DF920AF-94FD-48BF-A06F-CBF145894C3B}.Release MFC DLL.ActiveCfg = Release|Win32
		{4DF920AF-94FD-48BF-A06F-CBF145894C3B}.Release MFC DLL.Build.0 = Release|Win32
		{2D6BD546-A57D-4F06-AD57-2635EB6E1D19}.Debug.ActiveCfg = Debug|Win32
		{2D6BD546-A57D-4F06-AD57-2635EB6E1D19}.Debug.Build.0 = Debug|Win32
		{2D6BD546-A57D-4F06-AD57-2635EB6E1D19}.Debug MFC DLL.ActiveCfg = Debug|Win32
		{2D6BD546-A57D-4F06-AD57-2635EB6E1D19}.Final.ActiveCfg = Final|Win32
		{2D6BD546-A57D-4F06-AD57-2635EB6E1D19}.Final.Build.0 = Final|Win32
		{2D6BD546-A57D-4F06-AD57-2635EB6E1D19}.Final DE.ActiveCfg = Final MFC DLL|Win32
		{2D6BD546-A57D-4F06-AD57-2635EB6E1D19}.Final DE.Build.0 = Final MFC DLL|Win32
		{2D6BD546-A57D-4F06-AD57-2635EB6E1D19}.Final ES.ActiveCfg = Final MFC DLL|Win32
		{2D6BD546-A57D-4F06-AD57-2635EB6E1D19}.Final ES.Build.0 = Final MFC DLL|Win32
		{2D6BD546-A57D-4F06-AD57-2635EB6E1D19}.Final FR.ActiveCfg = Final MFC DLL|Win32
		{2D6BD546-A57D-4F06-AD57-2635EB6E1D19}.Final FR.Build.0 = Final MFC DLL|Win32
		{2D6BD546-A57D-4F06-AD57-2635EB6E1D19}.Final IT.ActiveCfg = Final MFC DLL|Win32
		{2D6BD546-A57D-4F06-AD57-2635EB6E1D19}.Final IT.Build.0 = Final MFC DLL|Win32
		{2D6BD546-A57D-4F06-AD57-2635EB6E1D19}.Final MFC DLL.ActiveCfg = Final MFC DLL|Win32
		{2D6BD546-A57D-4F06-AD57-2635EB6E1D19}.Release.ActiveCfg = Release|Win32
		{2D6BD546-A57D-4F06-AD57-2635EB6E1D19}.Release.Build.0 = Release|Win32
		{2D6BD546-A57D-4F06-AD57-2635EB6E1D19}.Release MFC DLL.ActiveCfg = Release|Win32
		{45115785-638D-41E9-B419-D5B5BDF50D93}.Debug.ActiveCfg = Debug|Win32
		{45115785-638D-41E9-B419-D5B5BDF50D93}.Debug.Build.0 = Debug|Win32
		{45115785-638D-41E9-B419-D5B5BDF50D93}.Debug MFC DLL.ActiveCfg = Debug|Win32
		{45115785-638D-41E9-B419-D5B5BDF50D93}.Final.ActiveCfg = Final|Win32
		{45115785-638D-41E9-B419-D5B5BDF50D93}.Final.Build.0 = Final|Win32
		{45115785-638D-41E9-B419-D5B5BDF50D93}.Final DE.ActiveCfg = Final|Win32
		{45115785-638D-41E9-B419-D5B5BDF50D93}.Final DE.Build.0 = Final|Win32
		{45115785-638D-41E9-B419-D5B5BDF50D93}.Final ES.ActiveCfg = Final|Win32
		{45115785-638D-41E9-B419-D5B5BDF50D93}.Final ES.Build.0 = Final|Win32
		{45115785-638D-41E9-B419-D5B5BDF50D93}.Final FR.ActiveCfg = Final|Win32
		{45115785-638D-41E9-B419-D5B5BDF50D93}.Final FR.Build.0 = Final|Win32
		{45115785-638D-41E9-B419-D5B5BDF50D93}.Final IT.ActiveCfg = Final|Win32
		{45115785-638D-41E9-B419-D5B5BDF50D93}.Final IT.Build.0 = Final|Win32
		{45115785-638D-41E9-B419-D5B5BDF50D93}.Final MFC DLL.ActiveCfg = Final|Win32
		{45115785-638D-41E9-B419-D5B5BDF50D93}.Release.ActiveCfg = Release|Win32
		{45115785-638D-41E9-B419-D5B5BDF50D93}.Release.Build.0 = Release|Win32
		{45115785-638D-41E9-B419-D5B5BDF50D93}.Release MFC DLL.ActiveCfg = Release|Win32
		{7B393EEB-293F-4E86-AF4D-8048832EED1C}.Debug.ActiveCfg = Debug|Win32
		{7B393EEB-293F-4E86-AF4D-8048832EED1C}.Debug.Build.0 = Debug|Win32
		{7B393EEB-293F-4E86-AF4D-8048832EED1C}.Debug MFC DLL.ActiveCfg = Debug|Win32
		{7B393EEB-293F-4E86-AF4D-8048832EED1C}.Final.ActiveCfg = Final|Win32
		{7B393EEB-293F-4E86-AF4D-8048832EED1C}.Final.Build.0 = Final|Win32
		{7B393EEB-293F-4E86-AF4D-8048832EED1C}.Final DE.ActiveCfg = Final|Win32
		{7B393EEB-293F-4E86-AF4D-8048832EED1C}.Final DE.Build.0 = Final|Win32
		{7B393EEB-293F-4E86-AF4D-8048832EED1C}.Final ES.ActiveCfg = Final|Win32
		{7B393EEB-293F-4E86-AF4D-8048832EED1C}.Final ES.Build.0 = Final|Win32
		{7B393EEB-293F-4E86-AF4D-8048832EED1C}.Final FR.ActiveCfg = Final|Win32
		{7B393EEB-293F-4E86-AF4D-8048832EED1C}.Final FR.Build.0 = Final|Win32
		{7B393EEB-293F-4E86-AF4D-8048832EED1C}.Final IT.ActiveCfg = Final|Win32
		{7B393EEB-293F-4E86-AF4D-8048832EED1C}.Final IT.Build.0 = Final|Win32
		{7B393EEB-293F-4E86-AF4D-8048832EED1C}.Final MFC DLL.ActiveCfg = Final|Win32
		{7B393EEB-293F-4E86-AF4D-8048832EED1C}.Release.ActiveCfg = Release|Win32
		{7B393EEB-293F-4E86-AF4D-8048832EED1C}.Release.Build.0 = Release|Win32
		{7B393EEB-293F-4E86-AF4D-8048832EED1C}.Release MFC DLL.ActiveCfg = Release|Win32
		{A1B8DABC-CB81-435C-BAE0-FFD7921B4ADA}.Debug.ActiveCfg = Debug|Win32
		{A1B8DABC-CB81-435C-BAE0-FFD7921B4ADA}.Debug.Build.0 = Debug|Win32
		{A1B8DABC-CB81-435C-BAE0-FFD7921B4ADA}.Debug MFC DLL.ActiveCfg = Debug|Win32
		{A1B8DABC-CB81-435C-BAE0-FFD7921B4ADA}.Debug MFC DLL.Build.0 = Debug|Win32
		{A1B8DABC-CB81-435C-BAE0-FFD7921B4ADA}.Final.ActiveCfg = Final|Win32
		{A1B8DABC-CB81-435C-BAE0-FFD7921B4ADA}.Final.Build.0 = Final|Win32
		{A1B8DABC-CB81-435C-BAE0-FFD7921B4ADA}.Final DE.ActiveCfg = Final DE|Win32
		{A1B8DABC-CB81-435C-BAE0-FFD7921B4ADA}.Final DE.Build.0 = Final DE|Win32
		{A1B8DABC-CB81-435C-BAE0-FFD7921B4ADA}.Final ES.ActiveCfg = Final ES|Win32
		{A1B8DABC-CB81-435C-BAE0-FFD7921B4ADA}.Final ES.Build.0 = Final ES|Win32
		{A1B8DABC-CB81-435C-BAE0-FFD7921B4ADA}.Final FR.ActiveCfg = Final FR|Win32
		{A1B8DABC-CB81-435C-BAE0-FFD7921B4ADA}.Final FR.Build.0 = Final FR|Win32
		{A1B8DABC-CB81-435C-BAE0-FFD7921B4ADA}.Final IT.ActiveCfg = Final IT|Win32
		{A1B8DABC-CB81-435C-BAE0-FFD7921B4ADA}.Final IT.Build.0 = Final IT|Win32
		{A1B8DABC-CB81-435C-BAE0-FFD7921B4ADA}.Final MFC DLL.ActiveCfg = Final ES|Win32
		{A1B8DABC-CB81-435C-BAE0-FFD7921B4ADA}.Final MFC DLL.Build.0 = Final ES|Win32
		{A1B8DABC-CB81-435C-BAE0-FFD7921B4ADA}.Release.ActiveCfg = Release|Win32
		{A1B8DABC-CB81-435C-BAE0-FFD7921B4ADA}.Release.Build.0 = Release|Win32
		{A1B8DABC-CB81-435C-BAE0-FFD7921B4ADA}.Release MFC DLL.ActiveCfg = Release|Win32
		{A1B8DABC-CB81-435C-BAE0-FFD7921B4ADA}.Release MFC DLL.Build.0 = Release|Win32
		{DEBBD696-F084-41A5-BA86-0FB7DC391729}.Debug.ActiveCfg = Debug|Win32
		{DEBBD696-F084-41A5-BA86-0FB7DC391729}.Debug.Build.0 = Debug|Win32
		{DEBBD696-F084-41A5-BA86-0FB7DC391729}.Debug MFC DLL.ActiveCfg = Debug|Win32
		{DEBBD696-F084-41A5-BA86-0FB7DC391729}.Final.ActiveCfg = Final|Win32
		{DEBBD696-F084-41A5-BA86-0FB7DC391729}.Final.Build.0 = Final|Win32
		{DEBBD696-F084-41A5-BA86-0FB7DC391729}.Final DE.ActiveCfg = Final|Win32
		{DEBBD696-F084-41A5-BA86-0FB7DC391729}.Final DE.Build.0 = Final|Win32
		{DEBBD696-F084-41A5-BA86-0FB7DC391729}.Final ES.ActiveCfg = Final|Win32
		{DEBBD696-F084-41A5-BA86-0FB7DC391729}.Final ES.Build.0 = Final|Win32
		{DEBBD696-F084-41A5-BA86-0FB7DC391729}.Final FR.ActiveCfg = Final|Win32
		{DEBBD696-F084-41A5-BA86-0FB7DC391729}.Final FR.Build.0 = Final|Win32
		{DEBBD696-F084-41A5-BA86-0FB7DC391729}.Final IT.ActiveCfg = Final|Win32
		{DEBBD696-F084-41A5-BA86-0FB7DC391729}.Final IT.Build.0 = Final|Win32
		{DEBBD696-F084-41A5-BA86-0FB7DC391729}.Final MFC DLL.ActiveCfg = Final|Win32
		{DEBBD696-F084-41A5-BA86-0FB7DC391729}.Release.ActiveCfg = Release|Win32
		{DEBBD696-F084-41A5-BA86-0FB7DC391729}.Release.Build.0 = Release|Win32
		{DEBBD696-F084-41A5-BA86-0FB7DC391729}.Release MFC DLL.ActiveCfg = Release|Win32
		{32B5438C-C22C-41B4-B523-4F80845A147F}.Debug.ActiveCfg = Debug|Win32
		{32B5438C-C22C-41B4-B523-4F80845A147F}.Debug.Build.0 = Debug|Win32
		{32B5438C-C22C-41B4-B523-4F80845A147F}.Debug MFC DLL.ActiveCfg = Debug|Win32
		{32B5438C-C22C-41B4-B523-4F80845A147F}.Final.ActiveCfg = Final|Win32
		{32B5438C-C22C-41B4-B523-4F80845A147F}.Final.Build.0 = Final|Win32
		{32B5438C-C22C-41B4-B523-4F80845A147F}.Final DE.ActiveCfg = Final|Win32
		{32B5438C-C22C-41B4-B523-4F80845A147F}.Final DE.Build.0 = Final|Win32
		{32B5438C-C22C-41B4-B523-4F80845A147F}.Final ES.ActiveCfg = Final|Win32
		{32B5438C-C22C-41B4-B523-4F80845A147F}.Final ES.Build.0 = Final|Win32
		{32B5438C-C22C-41B4-B523-4F80845A147F}.Final FR.ActiveCfg = Final|Win32
		{32B5438C-C22C-41B4-B523-4F80845A147F}.Final FR.Build.0 = Final|Win32
		{32B5438C-C22C-41B4-B523-4F80845A147F}.Final IT.ActiveCfg = Final|Win32
		{32B5438C-C22C-41B4-B523-4F80845A147F}.Final IT.Build.0 = Final|Win32
		{32B5438C-C22C-41B4-B523-4F80845A147F}.Final MFC DLL.ActiveCfg = Final|Win32
		{32B5438C-C22C-41B4-B523-4F80845A147F}.Release.ActiveCfg = Release|Win32
		{32B5438C-C22C-41B4-B523-4F80845A147F}.Release.Build.0 = Release|Win32
		{32B5438C-C22C-41B4-B523-4F80845A147F}.Release MFC DLL.ActiveCfg = Release|Win32
		{87C09AE8-5AA4-44DE-8A27-ECD96CA74C36}.Debug.ActiveCfg = Debug|Win32
		{87C09AE8-5AA4-44DE-8A27-ECD96CA74C36}.Debug.Build.0 = Debug|Win32
		{87C09AE8-5AA4-44DE-8A27-ECD96CA74C36}.Debug MFC DLL.ActiveCfg = Debug|Win32
		{87C09AE8-5AA4-44DE-8A27-ECD96CA74C36}.Final.ActiveCfg = Final|Win32
		{87C09AE8-5AA4-44DE-8A27-ECD96CA74C36}.Final.Build.0 = Final|Win32
		{87C09AE8-5AA4-44DE-8A27-ECD96CA74C36}.Final DE.ActiveCfg = Final|Win32
		{87C09AE8-5AA4-44DE-8A27-ECD96CA74C36}.Final DE.Build.0 = Final|Win32
		{87C09AE8-5AA4-44DE-8A27-ECD96CA74C36}.Final ES.ActiveCfg = Final|Win32
		{87C09AE8-5AA4-44DE-8A27-ECD96CA74C36}.Final ES.Build.0 = Final|Win32
		{87C09AE8-5AA4-44DE-8A27-ECD96CA74C36}.Final FR.ActiveCfg = Final|Win32
		{87C09AE8-5AA4-44DE-8A27-ECD96CA74C36}.Final FR.Build.0 = Final|Win32
		{87C09AE8-5AA4-44DE-8A27-ECD96CA74C36}.Final IT.ActiveCfg = Final|Win32
		{87C09AE8-5AA4-44DE-8A27-ECD96CA74C36}.Final IT.Build.0 = Final|Win32
		{87C09AE8-5AA4-44DE-8A27-ECD96CA74C36}.Final MFC DLL.ActiveCfg = Final|Win32
		{87C09AE8-5AA4-44DE-8A27-ECD96CA74C36}.Release.ActiveCfg = Release|Win32
		{87C09AE8-5AA4-44DE-8A27-ECD96CA74C36}.Release.Build.0 = Release|Win32
		{87C09AE8-5AA4-44DE-8A27-ECD96CA74C36}.Release MFC DLL.ActiveCfg = Release|Win32
		{BA5A96FB-3B60-402D-8D84-5B8D136E500A}.Debug.ActiveCfg = Debug|Win32
		{BA5A96FB-3B60-402D-8D84-5B8D136E500A}.Debug.Build.0 = Debug|Win32
		{BA5A96FB-3B60-402D-8D84-5B8D136E500A}.Debug MFC DLL.ActiveCfg = Debug|Win32
		{BA5A96FB-3B60-402D-8D84-5B8D136E500A}.Debug MFC DLL.Build.0 = Debug|Win32
		{BA5A96FB-3B60-402D-8D84-5B8D136E500A}.Final.ActiveCfg = Final|Win32
		{BA5A96FB-3B60-402D-8D84-5B8D136E500A}.Final.Build.0 = Final|Win32
		{BA5A96FB-3B60-402D-8D84-5B8D136E500A}.Final DE.ActiveCfg = Final|Win32
		{BA5A96FB-3B60-402D-8D84-5B8D136E500A}.Final DE.Build.0 = Final|Win32
		{BA5A96FB-3B60-402D-8D84-5B8D136E500A}.Final ES.ActiveCfg = Final|Win32
		{BA5A96FB-3B60-402D-8D84-5B8D136E500A}.Final ES.Build.0 = Final|Win32
		{BA5A96FB-3B60-402D-8D84-5B8D136E500A}.Final FR.ActiveCfg = Final|Win32
		{BA5A96FB-3B60-402D-8D84-5B8D136E500A}.Final FR.Build.0 = Final|Win32
		{BA5A96FB-3B60-402D-8D84-5B8D136E500A}.Final IT.ActiveCfg = Final|Win32
		{BA5A96FB-3B60-402D-8D84-5B8D136E500A}.Final IT.Build.0 = Final|Win32
		{BA5A96FB-3B60-402D-8D84-5B8D136E500A}.Final MFC DLL.ActiveCfg = Final|Win32
		{BA5A96FB-3B60-402D-8D84-5B8D136E500A}.Final MFC DLL.Build.0 = Final|Win32
		{BA5A96FB-3B60-402D-8D84-5B8D136E500A}.Release.ActiveCfg = Release|Win32
		{BA5A96FB-3B60-402D-8D84-5B8D136E500A}.Release.Build.0 = Release|Win32
		{BA5A96FB-3B60-402D-8D84-5B8D136E500A}.Release MFC DLL.ActiveCfg = Release|Win32
		{BA5A96FB-3B60-402D-8D84-5B8D136E500A}.Release MFC DLL.Build.0 = Release|Win32
		{B253BB7B-B43C-418B-8D2F-D69946AAAE61}.Debug.ActiveCfg = Debug|Win32
		{B253BB7B-B43C-418B-8D2F-D69946AAAE61}.Debug.Build.0 = Debug|Win32
		{B253BB7B-B43C-418B-8D2F-D69946AAAE61}.Debug MFC DLL.ActiveCfg = Debug|Win32
		{B253BB7B-B43C-418B-8D2F-D69946AAAE61}.Final.ActiveCfg = Final|Win32
		{B253BB7B-B43C-418B-8D2F-D69946AAAE61}.Final.Build.0 = Final|Win32
		{B253BB7B-B43C-418B-8D2F-D69946AAAE61}.Final DE.ActiveCfg = Final|Win32
		{B253BB7B-B43C-418B-8D2F-D69946AAAE61}.Final DE.Build.0 = Final|Win32
		{B253BB7B-B43C-418B-8D2F-D69946AAAE61}.Final ES.ActiveCfg = Final|Win32
		{B253BB7B-B43C-418B-8D2F-D69946AAAE61}.Final ES.Build.0 = Final|Win32
		{B253BB7B-B43C-418B-8D2F-D69946AAAE61}.Final FR.ActiveCfg = Final|Win32
		{B253BB7B-B43C-418B-8D2F-D69946AAAE61}.Final FR.Build.0 = Final|Win32
		{B253BB7B-B43C-418B-8D2F-D69946AAAE61}.Final IT.ActiveCfg = Final|Win32
		{B253BB7B-B43C-418B-8D2F-D69946AAAE61}.Final IT.Build.0 = Final|Win32
		{B253BB7B-B43C-418B-8D2F-D69946AAAE61}.Final MFC DLL.ActiveCfg = Final|Win32
		{B253BB7B-B43C-418B-8D2F-D69946AAAE61}.Release.ActiveCfg = Release|Win32
		{B253BB7B-B43C-418B-8D2F-D69946AAAE61}.Release.Build.0 = Release|Win32
		{B253BB7B-B43C-418B-8D2F-D69946AAAE61}.Release MFC DLL.ActiveCfg = Release|Win32
		{E64780C8-0F48-4B88-8EB5-86A846604C99}.Debug.ActiveCfg = Debug|Win32
		{E64780C8-0F48-4B88-8EB5-86A846604C99}.Debug.Build.0 = Debug|Win32
		{E64780C8-0F48-4B88-8EB5-86A846604C99}.Debug MFC DLL.ActiveCfg = Debug|Win32
		{E64780C8-0F48-4B88-8EB5-86A846604C99}.Final.ActiveCfg = Final|Win32
		{E64780C8-0F48-4B88-8EB5-86A846604C99}.Final.Build.0 = Final|Win32
		{E64780C8-0F48-4B88-8EB5-86A846604C99}.Final DE.ActiveCfg = Final DE|Win32
		{E64780C8-0F48-4B88-8EB5-86A846604C99}.Final DE.Build.0 = Final DE|Win32
		{E64780C8-0F48-4B88-8EB5-86A846604C99}.Final ES.ActiveCfg = Final ES|Win32
		{E64780C8-0F48-4B88-8EB5-86A846604C99}.Final ES.Build.0 = Final ES|Win32
		{E64780C8-0F48-4B88-8EB5-86A846604C99}.Final FR.ActiveCfg = Final FR|Win32
		{E64780C8-0F48-4B88-8EB5-86A846604C99}.Final FR.Build.0 = Final FR|Win32
		{E64780C8-0F48-4B88-8EB5-86A846604C99}.Final IT.ActiveCfg = Final IT|Win32
		{E64780C8-0F48-4B88-8EB5-86A846604C99}.Final IT.Build.0 = Final IT|Win32
		{E64780C8-0F48-4B88-8EB5-86A846604C99}.Final MFC DLL.ActiveCfg = Final IT|Win32
		{E64780C8-0F48-4B88-8EB5-86A846604C99}.Release.ActiveCfg = Release|Win32
		{E64780C8-0F48-4B88-8EB5-86A846604C99}.Release.Build.0 = Release|Win32
		{E64780C8-0F48-4B88-8EB5-86A846604C99}.Release MFC DLL.ActiveCfg = Release|Win32
		{592A05D0-839F-4E06-B48A-047CDEC73651}.Debug.ActiveCfg = Debug|Win32
		{592A05D0-839F-4E06-B48A-047CDEC73651}.Debug.Build.0 = Debug|Win32
		{592A05D0-839F-4E06-B48A-047CDEC73651}.Debug MFC DLL.ActiveCfg = Debug|Win32
		{592A05D0-839F-4E06-B48A-047CDEC73651}.Debug MFC DLL.Build.0 = Debug|Win32
		{592A05D0-839F-4E06-B48A-047CDEC73651}.Final.ActiveCfg = Final|Win32
		{592A05D0-839F-4E06-B48A-047CDEC73651}.Final.Build.0 = Final|Win32
		{592A05D0-839F-4E06-B48A-047CDEC73651}.Final DE.ActiveCfg = Final|Win32
		{592A05D0-839F-4E06-B48A-047CDEC73651}.Final DE.Build.0 = Final|Win32
		{592A05D0-839F-4E06-B48A-047CDEC73651}.Final ES.ActiveCfg = Final|Win32
		{592A05D0-839F-4E06-B48A-047CDEC73651}.Final ES.Build.0 = Final|Win32
		{592A05D0-839F-4E06-B48A-047CDEC73651}.Final FR.ActiveCfg = Final|Win32
		{592A05D0-839F-4E06-B48A-047CDEC73651}.Final FR.Build.0 = Final|Win32
		{592A05D0-839F-4E06-B48A-047CDEC73651}.Final IT.ActiveCfg = Final|Win32
		{592A05D0-839F-4E06-B48A-047CDEC73651}.Final IT.Build.0 = Final|Win32
		{592A05D0-839F-4E06-B48A-047CDEC73651}.Final MFC DLL.ActiveCfg = Final|Win32
		{592A05D0-839F-4E06-B48A-047CDEC73651}.Final MFC DLL.Build.0 = Final|Win32
		{592A05D0-839F-4E06-B48A-047CDEC73651}.Release.ActiveCfg = Release|Win32
		{592A05D0-839F-4E06-B48A-047CDEC73651}.Release.Build.0 = Release|Win32
		{592A05D0-839F-4E06-B48A-047CDEC73651}.Release MFC DLL.ActiveCfg = Release|Win32
		{592A05D0-839F-4E06-B48A-047CDEC73651}.Release MFC DLL.Build.0 = Release|Win32
		{D53F99F5-1D2C-4600-9C7C-4508C888C413}.Debug.ActiveCfg = Debug|Win32
		{D53F99F5-1D2C-4600-9C7C-4508C888C413}.Debug.Build.0 = Debug|Win32
		{D53F99F5-1D2C-4600-9C7C-4508C888C413}.Debug MFC DLL.ActiveCfg = Debug|Win32
		{D53F99F5-1D2C-4600-9C7C-4508C888C413}.Final.ActiveCfg = Final|Win32
		{D53F99F5-1D2C-4600-9C7C-4508C888C413}.Final.Build.0 = Final|Win32
		{D53F99F5-1D2C-4600-9C7C-4508C888C413}.Final DE.ActiveCfg = Final|Win32
		{D53F99F5-1D2C-4600-9C7C-4508C888C413}.Final DE.Build.0 = Final|Win32
		{D53F99F5-1D2C-4600-9C7C-4508C888C413}.Final ES.ActiveCfg = Final|Win32
		{D53F99F5-1D2C-4600-9C7C-4508C888C413}.Final ES.Build.0 = Final|Win32
		{D53F99F5-1D2C-4600-9C7C-4508C888C413}.Final FR.ActiveCfg = Final|Win32
		{D53F99F5-1D2C-4600-9C7C-4508C888C413}.Final FR.Build.0 = Final|Win32
		{D53F99F5-1D2C-4600-9C7C-4508C888C413}.Final IT.ActiveCfg = Final|Win32
		{D53F99F5-1D2C-4600-9C7C-4508C888C413}.Final IT.Build.0 = Final|Win32
		{D53F99F5-1D2C-4600-9C7C-4508C888C413}.Final MFC DLL.ActiveCfg = Final|Win32
		{D53F99F5-1D2C-4600-9C7C-4508C888C413}.Release.ActiveCfg = Release|Win32
		{D53F99F5-1D2C-4600-9C7C-4508C888C413}.Release.Build.0 = Release|Win32
		{D53F99F5-1D2C-4600-9C7C-4508C888C413}.Release MFC DLL.ActiveCfg = Release|Win32
	EndGlobalSection
	GlobalSection(ExtensibilityGlobals) = postSolution
	EndGlobalSection
	GlobalSection(ExtensibilityAddIns) = postSolution
	EndGlobalSection
EndGlobal
